
Microsoft Visual Studio Solution File, Format Version 12.00
# Visual Studio Version 17
VisualStudioVersion = 17.13.35818.85 d17.13
MinimumVisualStudioVersion = 10.0.40219.1
Project("{54A90642-561A-4BB1-A94E-469ADEE60C69}") = "retrocar-web-ui--react", "RetroCar-Web-UI--React\retrocar-web-ui--react.esproj", "{DDCFC3A1-3475-E46B-7F10-B79594B7F4D7}"
EndProject
Global
	GlobalSection(SolutionConfigurationPlatforms) = preSolution
		Debug|Any CPU = Debug|Any CPU
		Release|Any CPU = Release|Any CPU
	EndGlobalSection
	GlobalSection(ProjectConfigurationPlatforms) = postSolution
		{DDCFC3A1-3475-E46B-7F10-B79594B7F4D7}.Debug|Any CPU.ActiveCfg = Debug|Any CPU
		{DDCFC3A1-3475-E46B-7F10-B79594B7F4D7}.Debug|Any CPU.Build.0 = Debug|Any CPU
		{DDCFC3A1-3475-E46B-7F10-B79594B7F4D7}.Debug|Any CPU.Deploy.0 = Debug|Any CPU
		{DDCFC3A1-3475-E46B-7F10-B79594B7F4D7}.Release|Any CPU.ActiveCfg = Release|Any CPU
		{DDCFC3A1-3475-E46B-7F10-B79594B7F4D7}.Release|Any CPU.Build.0 = Release|Any CPU
		{DDCFC3A1-3475-E46B-7F10-B79594B7F4D7}.Release|Any CPU.Deploy.0 = Release|Any CPU
	EndGlobalSection
	GlobalSection(SolutionProperties) = preSolution
		HideSolutionNode = FALSE
	EndGlobalSection
	GlobalSection(ExtensibilityGlobals) = postSolution
		SolutionGuid = {EF0B5450-0515-41C9-8731-938881654DD8}
	EndGlobalSection
EndGlobal
